<?xml version="1.0" encoding="utf-8"?>
<Project ToolsVersion="4.0" xmlns="http://schemas.microsoft.com/developer/msbuild/2003">
  <ItemGroup>
    <Filter Include="Source Files">
      <UniqueIdentifier>{4FC737F1-C7A5-4376-A066-2A32D752A2FF}</UniqueIdentifier>
      <Extensions>cpp;c;cc;cxx;def;odl;idl;hpj;bat;asm;asmx</Extensions>
    </Filter>
    <Filter Include="Header Files">
      <UniqueIdentifier>{93995380-89BD-4b04-88EB-625FBE52EBFB}</UniqueIdentifier>
      <Extensions>h;hh;hpp;hxx;hm;inl;inc;xsd</Extensions>
    </Filter>
    <Filter Include="Header Files\vector">
      <UniqueIdentifier>{145f89e1-1223-4a93-940d-08a43398ff9f}</UniqueIdentifier>
    </Filter>
    <Filter Include="Header Files\vector\fpu">
      <UniqueIdentifier>{af47a926-3a2b-4be5-b54a-c3c3ca3c6674}</UniqueIdentifier>
    </Filter>
    <Filter Include="Inline Files">
      <UniqueIdentifier>{67DA6AB6-F800-4c08-8B7A-83BB121AAD01}</UniqueIdentifier>
      <Extensions>rc;ico;cur;bmp;dlg;rc2;rct;bin;rgs;gif;jpg;jpeg;jpe;resx;tiff;tif;png;wav;mfcribbon-ms</Extensions>
    </Filter>
    <Filter Include="Inline Files\vector">
      <UniqueIdentifier>{aab3208a-0898-46da-b92c-410b45cf10d8}</UniqueIdentifier>
    </Filter>
    <Filter Include="Inline Files\vector\fpu">
      <UniqueIdentifier>{3972ee4b-1af0-4cd1-bae2-03bbdebc0e5a}</UniqueIdentifier>
    </Filter>
    <Filter Include="Header Files\sqrt">
      <UniqueIdentifier>{3fb234cf-acd7-4d05-83b9-79981a38248b}</UniqueIdentifier>
    </Filter>
    <Filter Include="Header Files\sqrt\fpu">
      <UniqueIdentifier>{474fed9e-51dc-449c-be40-e14a0ef5a732}</UniqueIdentifier>
    </Filter>
    <Filter Include="Inline Files\sqrt">
      <UniqueIdentifier>{d68c947e-d4de-47c4-b603-1356ca70a294}</UniqueIdentifier>
    </Filter>
    <Filter Include="Inline Files\sqrt\fpu">
      <UniqueIdentifier>{4271743a-2b80-430f-8a91-0148495a79e0}</UniqueIdentifier>
    </Filter>
    <Filter Include="Header Files\vector\sse">
      <UniqueIdentifier>{4e82e62b-7e21-4312-99ac-cfb65257c5e5}</UniqueIdentifier>
    </Filter>
    <Filter Include="Inline Files\vector\sse">
      <UniqueIdentifier>{f91786d2-e135-4d28-8724-7dcc35f08630}</UniqueIdentifier>
    </Filter>
  </ItemGroup>
  <ItemGroup>
    <ClInclude Include="..\..\src\math.h">
      <Filter>Header Files</Filter>
    </ClInclude>
    <ClInclude Include="..\..\src\common.h">
      <Filter>Header Files</Filter>
    </ClInclude>
    <ClInclude Include="..\..\src\vector\vector.h">
      <Filter>Header Files\vector</Filter>
    </ClInclude>
    <ClInclude Include="..\..\src\vector\fpu\vector2.h">
      <Filter>Header Files\vector\fpu</Filter>
    </ClInclude>
    <ClInclude Include="..\..\src\vector\fpu\vector3.h">
      <Filter>Header Files\vector\fpu</Filter>
    </ClInclude>
    <ClInclude Include="..\..\src\vector\fpu\vector4.h">
      <Filter>Header Files\vector\fpu</Filter>
    </ClInclude>
    <ClInclude Include="..\..\src\vector\swizzle.h">
      <Filter>Header Files\vector</Filter>
    </ClInclude>
    <ClInclude Include="..\..\src\vector\fpu\swizzle.h">
      <Filter>Header Files\vector\fpu</Filter>
    </ClInclude>
    <ClInclude Include="..\..\src\vector\fpu\bvector.h">
      <Filter>Header Files\vector\fpu</Filter>
    </ClInclude>
    <ClInclude Include="..\..\src\sqrt\sqrt.h">
      <Filter>Header Files\sqrt</Filter>
    </ClInclude>
    <ClInclude Include="..\..\src\sqrt\fpu\sqrt.h">
      <Filter>Header Files\sqrt\fpu</Filter>
    </ClInclude>
    <ClInclude Include="..\..\src\sqrt\fpu\sqrt.inl">
      <Filter>Inline Files\sqrt\fpu</Filter>
    </ClInclude>
    <ClInclude Include="..\..\src\vector\sse\vector4.h">
      <Filter>Header Files\vector\sse</Filter>
    </ClInclude>
    <ClInclude Include="..\..\src\vector\sse\swizzle.h">
      <Filter>Header Files\vector\sse</Filter>
    </ClInclude>
    <ClInclude Include="..\..\src\vector\sse\vector2.h">
      <Filter>Header Files\vector\sse</Filter>
    </ClInclude>
    <ClInclude Include="..\..\src\vector\sse\vector3.h">
      <Filter>Header Files\vector\sse</Filter>
    </ClInclude>
  </ItemGroup>
  <ItemGroup>
    <None Include="..\..\src\vector\fpu\vector2.inl">
      <Filter>Inline Files\vector\fpu</Filter>
    </None>
    <None Include="..\..\src\vector\fpu\vector3.inl">
      <Filter>Inline Files\vector\fpu</Filter>
    </None>
    <None Include="..\..\src\vector\fpu\vector4.inl">
      <Filter>Inline Files\vector\fpu</Filter>
    </None>
    <None Include="..\..\src\common.inl">
      <Filter>Inline Files</Filter>
    </None>
    <None Include="..\..\src\vector\fpu\swizzle.inl">
      <Filter>Inline Files\vector\fpu</Filter>
    </None>
    <None Include="..\..\src\vector\fpu\bvector.inl">
      <Filter>Inline Files\vector\fpu</Filter>
    </None>
    <None Include="..\..\src\vector\sse\vector4.inl">
      <Filter>Inline Files\vector\sse</Filter>
    </None>
    <None Include="..\..\src\vector\sse\swizzle.inl">
      <Filter>Inline Files\vector\sse</Filter>
    </None>
    <None Include="..\..\src\vector\sse\vector2.inl">
      <Filter>Inline Files\vector\sse</Filter>
    </None>
    <None Include="..\..\src\vector\sse\vector3.inl">
      <Filter>Inline Files\vector\sse</Filter>
    </None>
  </ItemGroup>
</Project>